
Microsoft Visual Studio Solution File, Format Version 12.00
# Visual Studio Version 17
VisualStudioVersion = 17.8.34525.116
MinimumVisualStudioVersion = 10.0.40219.1
Project("{FAE04EC0-301F-11D3-BF4B-00C04F79EFBC}") = "WebApplication1", "WebApplication1\WebApplication1.csproj", "{02447E21-E811-47C9-8E8B-A1663933C512}"
EndProject
Global
	GlobalSection(SolutionConfigurationPlatforms) = preSolution
		Debug|Any CPU = Debug|Any CPU
		Release|Any CPU = Release|Any CPU
	EndGlobalSection
	GlobalSection(ProjectConfigurationPlatforms) = postSolution
		{02447E21-E811-47C9-8E8B-A1663933C512}.Debug|Any CPU.ActiveCfg = Debug|Any CPU
		{02447E21-E811-47C9-8E8B-A1663933C512}.Debug|Any CPU.Build.0 = Debug|Any CPU
		{02447E21-E811-47C9-8E8B-A1663933C512}.Release|Any CPU.ActiveCfg = Release|Any CPU
		{02447E21-E811-47C9-8E8B-A1663933C512}.Release|Any CPU.Build.0 = Release|Any CPU
	EndGlobalSection
	GlobalSection(SolutionProperties) = preSolution
		HideSolutionNode = FALSE
	EndGlobalSection
	GlobalSection(ExtensibilityGlobals) = postSolution
		SolutionGuid = {37A3D468-3823-4B52-AEA2-65347BFFE25A}
	EndGlobalSection
EndGlobal
